
Microsoft Visual Studio Solution File, Format Version 12.00
# Visual Studio Version 17
VisualStudioVersion = 17.0.31903.59
MinimumVisualStudioVersion = 10.0.40219.1
Project("{9A19103F-16F7-4668-BE54-9A1E7A4F7556}") = "ConsoleApp1", "ConsoleApp1\ConsoleApp1.csproj", "{C815C812-5E7F-48B3-8191-A48118E42B08}"
EndProject
Project("{FAE04EC0-301F-11D3-BF4B-00C04F79EFBC}") = "WinUi", "WinUi\WinUi.csproj", "{0B337BDC-53F7-4771-875C-E26A2D4F933C}"
EndProject
Global
	GlobalSection(SolutionConfigurationPlatforms) = preSolution
		Debug|Any CPU = Debug|Any CPU
		Debug|ARM64 = Debug|ARM64
		Debug|x64 = Debug|x64
		Debug|x86 = Debug|x86
		Release|Any CPU = Release|Any CPU
		Release|ARM64 = Release|ARM64
		Release|x64 = Release|x64
		Release|x86 = Release|x86
	EndGlobalSection
	GlobalSection(ProjectConfigurationPlatforms) = postSolution
		{C815C812-5E7F-48B3-8191-A48118E42B08}.Debug|Any CPU.ActiveCfg = Debug|Any CPU
		{C815C812-5E7F-48B3-8191-A48118E42B08}.Debug|Any CPU.Build.0 = Debug|Any CPU
		{C815C812-5E7F-48B3-8191-A48118E42B08}.Debug|ARM64.ActiveCfg = Debug|Any CPU
		{C815C812-5E7F-48B3-8191-A48118E42B08}.Debug|ARM64.Build.0 = Debug|Any CPU
		{C815C812-5E7F-48B3-8191-A48118E42B08}.Debug|x64.ActiveCfg = Debug|x64
		{C815C812-5E7F-48B3-8191-A48118E42B08}.Debug|x64.Build.0 = Debug|x64
		{C815C812-5E7F-48B3-8191-A48118E42B08}.Debug|x86.ActiveCfg = Debug|Any CPU
		{C815C812-5E7F-48B3-8191-A48118E42B08}.Debug|x86.Build.0 = Debug|Any CPU
		{C815C812-5E7F-48B3-8191-A48118E42B08}.Release|Any CPU.ActiveCfg = Release|Any CPU
		{C815C812-5E7F-48B3-8191-A48118E42B08}.Release|Any CPU.Build.0 = Release|Any CPU
		{C815C812-5E7F-48B3-8191-A48118E42B08}.Release|ARM64.ActiveCfg = Release|Any CPU
		{C815C812-5E7F-48B3-8191-A48118E42B08}.Release|ARM64.Build.0 = Release|Any CPU
		{C815C812-5E7F-48B3-8191-A48118E42B08}.Release|x64.ActiveCfg = Release|x64
		{C815C812-5E7F-48B3-8191-A48118E42B08}.Release|x64.Build.0 = Release|x64
		{C815C812-5E7F-48B3-8191-A48118E42B08}.Release|x86.ActiveCfg = Release|Any CPU
		{C815C812-5E7F-48B3-8191-A48118E42B08}.Release|x86.Build.0 = Release|Any CPU
		{0B337BDC-53F7-4771-875C-E26A2D4F933C}.Debug|Any CPU.ActiveCfg = Debug|x64
		{0B337BDC-53F7-4771-875C-E26A2D4F933C}.Debug|Any CPU.Build.0 = Debug|x64
		{0B337BDC-53F7-4771-875C-E26A2D4F933C}.Debug|Any CPU.Deploy.0 = Debug|x64
		{0B337BDC-53F7-4771-875C-E26A2D4F933C}.Debug|ARM64.ActiveCfg = Debug|ARM64
		{0B337BDC-53F7-4771-875C-E26A2D4F933C}.Debug|ARM64.Build.0 = Debug|ARM64
		{0B337BDC-53F7-4771-875C-E26A2D4F933C}.Debug|ARM64.Deploy.0 = Debug|ARM64
		{0B337BDC-53F7-4771-875C-E26A2D4F933C}.Debug|x64.ActiveCfg = Debug|x64
		{0B337BDC-53F7-4771-875C-E26A2D4F933C}.Debug|x64.Build.0 = Debug|x64
		{0B337BDC-53F7-4771-875C-E26A2D4F933C}.Debug|x64.Deploy.0 = Debug|x64
		{0B337BDC-53F7-4771-875C-E26A2D4F933C}.Debug|x86.ActiveCfg = Debug|x86
		{0B337BDC-53F7-4771-875C-E26A2D4F933C}.Debug|x86.Build.0 = Debug|x86
		{0B337BDC-53F7-4771-875C-E26A2D4F933C}.Debug|x86.Deploy.0 = Debug|x86
		{0B337BDC-53F7-4771-875C-E26A2D4F933C}.Release|Any CPU.ActiveCfg = Release|x64
		{0B337BDC-53F7-4771-875C-E26A2D4F933C}.Release|Any CPU.Build.0 = Release|x64
		{0B337BDC-53F7-4771-875C-E26A2D4F933C}.Release|Any CPU.Deploy.0 = Release|x64
		{0B337BDC-53F7-4771-875C-E26A2D4F933C}.Release|ARM64.ActiveCfg = Release|ARM64
		{0B337BDC-53F7-4771-875C-E26A2D4F933C}.Release|ARM64.Build.0 = Release|ARM64
		{0B337BDC-53F7-4771-875C-E26A2D4F933C}.Release|ARM64.Deploy.0 = Release|ARM64
		{0B337BDC-53F7-4771-875C-E26A2D4F933C}.Release|x64.ActiveCfg = Release|x64
		{0B337BDC-53F7-4771-875C-E26A2D4F933C}.Release|x64.Build.0 = Release|x64
		{0B337BDC-53F7-4771-875C-E26A2D4F933C}.Release|x64.Deploy.0 = Release|x64
		{0B337BDC-53F7-4771-875C-E26A2D4F933C}.Release|x86.ActiveCfg = Release|x86
		{0B337BDC-53F7-4771-875C-E26A2D4F933C}.Release|x86.Build.0 = Release|x86
		{0B337BDC-53F7-4771-875C-E26A2D4F933C}.Release|x86.Deploy.0 = Release|x86
	EndGlobalSection
	GlobalSection(SolutionProperties) = preSolution
		HideSolutionNode = FALSE
	EndGlobalSection
EndGlobal
